// !$*UTF8*$!
{
	archiveVersion = 1;
	classes = {
	};
	objectVersion = 56;
	objects = {

/* Begin PBXBuildFile section */
		030842A02C12D9FD0013EFD7 /* SortByView.swift in Sources */ = {isa = PBXBuildFile; fileRef = 0308429E2C12D9FD0013EFD7 /* SortByView.swift */; };
		03379AF12C1182FC00F10305 /* BusListView.swift in Sources */ = {isa = PBXBuildFile; fileRef = 03379AEB2C1182FC00F10305 /* BusListView.swift */; };
		03379AF22C1182FC00F10305 /* BusViewModel.swift in Sources */ = {isa = PBXBuildFile; fileRef = 03379AEC2C1182FC00F10305 /* BusViewModel.swift */; };
		03379AF32C1182FC00F10305 /* SearchResultBusList.swift in Sources */ = {isa = PBXBuildFile; fileRef = 03379AED2C1182FC00F10305 /* SearchResultBusList.swift */; };
		03379AF42C1182FC00F10305 /* Empty Screen.swift in Sources */ = {isa = PBXBuildFile; fileRef = 03379AEE2C1182FC00F10305 /* Empty Screen.swift */; };
		03379AF52C1182FC00F10305 /* Model.swift in Sources */ = {isa = PBXBuildFile; fileRef = 03379AEF2C1182FC00F10305 /* Model.swift */; };
		03CB608C2C18293B0057BCA1 /* BoardingAndDroppingViewModel.swift in Sources */ = {isa = PBXBuildFile; fileRef = 03CB608B2C18293B0057BCA1 /* BoardingAndDroppingViewModel.swift */; };
		03CB608E2C1829830057BCA1 /* DroppingAndBoardingModel.swift in Sources */ = {isa = PBXBuildFile; fileRef = 03CB608D2C1829830057BCA1 /* DroppingAndBoardingModel.swift */; };
		03CB608F2C1ABF5C0057BCA1 /* BoardingAndDroppingListView.swift in Sources */ = {isa = PBXBuildFile; fileRef = 03CB60892C16C8BF0057BCA1 /* BoardingAndDroppingListView.swift */; };
		03CCA33C2C088C8F0021875D /* ComboSlider.swift in Sources */ = {isa = PBXBuildFile; fileRef = 03CCA33B2C088C8F0021875D /* ComboSlider.swift */; };
		03CDEBE82C0487E7003A075D /* swiftUiExpApp.swift in Sources */ = {isa = PBXBuildFile; fileRef = 03CDEBE72C0487E7003A075D /* swiftUiExpApp.swift */; };
		03CDEBEA2C0487E7003A075D /* FilterFullScreen.swift in Sources */ = {isa = PBXBuildFile; fileRef = 03CDEBE92C0487E7003A075D /* FilterFullScreen.swift */; };
		03CDEBEC2C0487E9003A075D /* Assets.xcassets in Resources */ = {isa = PBXBuildFile; fileRef = 03CDEBEB2C0487E9003A075D /* Assets.xcassets */; };
		03CDEBEF2C0487E9003A075D /* Preview Assets.xcassets in Resources */ = {isa = PBXBuildFile; fileRef = 03CDEBEE2C0487E9003A075D /* Preview Assets.xcassets */; };
		7A03499B2C1B1AB200FE19E0 /* PreferredBusPartner.swift in Sources */ = {isa = PBXBuildFile; fileRef = 7A03499A2C1B1AB200FE19E0 /* PreferredBusPartner.swift */; };
		7A78BC1E2C21A0F200679A8E /* SeatLayoutNotAvailable.swift in Sources */ = {isa = PBXBuildFile; fileRef = 7A78BC1D2C21A0F200679A8E /* SeatLayoutNotAvailable.swift */; };
		7A78BC202C21A14900679A8E /* SeatNotAvailable.swift in Sources */ = {isa = PBXBuildFile; fileRef = 7A78BC1F2C21A14900679A8E /* SeatNotAvailable.swift */; };
		7A78BC222C21A19300679A8E /* Session Expired.swift in Sources */ = {isa = PBXBuildFile; fileRef = 7A78BC212C21A19300679A8E /* Session Expired.swift */; };
		7A78BC242C21A1DD00679A8E /* GoingBackBeforePayment.swift in Sources */ = {isa = PBXBuildFile; fileRef = 7A78BC232C21A1DD00679A8E /* GoingBackBeforePayment.swift */; };
		FA2523252C12D8EE008216CB /* FilterItemModel.swift in Sources */ = {isa = PBXBuildFile; fileRef = FA2523242C12D8EE008216CB /* FilterItemModel.swift */; };
		FA2523272C12D913008216CB /* HorizontalFilterViewModel.swift in Sources */ = {isa = PBXBuildFile; fileRef = FA2523262C12D913008216CB /* HorizontalFilterViewModel.swift */; };
		FA2523292C12D935008216CB /* HorizintalFilterView.swift in Sources */ = {isa = PBXBuildFile; fileRef = FA2523282C12D935008216CB /* HorizintalFilterView.swift */; };
		FA7542B62C205D54004B6B95 /* Coordinator.swift in Sources */ = {isa = PBXBuildFile; fileRef = FA7542B52C205D53004B6B95 /* Coordinator.swift */; };
		FA7542B82C206304004B6B95 /* CoordinatorView.swift in Sources */ = {isa = PBXBuildFile; fileRef = FA7542B72C206304004B6B95 /* CoordinatorView.swift */; };
		FA75AE472C22D4F500587B37 /* TicketDetailsView.swift in Sources */ = {isa = PBXBuildFile; fileRef = FA75AE462C22D4F500587B37 /* TicketDetailsView.swift */; };
		FAC8B3282C22F9E4001C1B7B /* ApiManager.swift in Sources */ = {isa = PBXBuildFile; fileRef = FAC8B3272C22F9E4001C1B7B /* ApiManager.swift */; };
		FAC8B32A2C22FA2C001C1B7B /* PreferredBusPartnerViewModel.swift in Sources */ = {isa = PBXBuildFile; fileRef = FAC8B3292C22FA2C001C1B7B /* PreferredBusPartnerViewModel.swift */; };
/* End PBXBuildFile section */

/* Begin PBXFileReference section */
		0308429E2C12D9FD0013EFD7 /* SortByView.swift */ = {isa = PBXFileReference; fileEncoding = 4; lastKnownFileType = sourcecode.swift; path = SortByView.swift; sourceTree = "<group>"; };
		03379AEB2C1182FC00F10305 /* BusListView.swift */ = {isa = PBXFileReference; fileEncoding = 4; lastKnownFileType = sourcecode.swift; path = BusListView.swift; sourceTree = "<group>"; };
		03379AEC2C1182FC00F10305 /* BusViewModel.swift */ = {isa = PBXFileReference; fileEncoding = 4; lastKnownFileType = sourcecode.swift; path = BusViewModel.swift; sourceTree = "<group>"; };
		03379AED2C1182FC00F10305 /* SearchResultBusList.swift */ = {isa = PBXFileReference; fileEncoding = 4; lastKnownFileType = sourcecode.swift; path = SearchResultBusList.swift; sourceTree = "<group>"; };
		03379AEE2C1182FC00F10305 /* Empty Screen.swift */ = {isa = PBXFileReference; fileEncoding = 4; lastKnownFileType = sourcecode.swift; path = "Empty Screen.swift"; sourceTree = "<group>"; };
		03379AEF2C1182FC00F10305 /* Model.swift */ = {isa = PBXFileReference; fileEncoding = 4; lastKnownFileType = sourcecode.swift; path = Model.swift; sourceTree = "<group>"; };
		03CB60892C16C8BF0057BCA1 /* BoardingAndDroppingListView.swift */ = {isa = PBXFileReference; lastKnownFileType = sourcecode.swift; path = BoardingAndDroppingListView.swift; sourceTree = "<group>"; };
		03CB608B2C18293B0057BCA1 /* BoardingAndDroppingViewModel.swift */ = {isa = PBXFileReference; lastKnownFileType = sourcecode.swift; path = BoardingAndDroppingViewModel.swift; sourceTree = "<group>"; };
		03CB608D2C1829830057BCA1 /* DroppingAndBoardingModel.swift */ = {isa = PBXFileReference; lastKnownFileType = sourcecode.swift; path = DroppingAndBoardingModel.swift; sourceTree = "<group>"; };
		03CCA33B2C088C8F0021875D /* ComboSlider.swift */ = {isa = PBXFileReference; lastKnownFileType = sourcecode.swift; path = ComboSlider.swift; sourceTree = "<group>"; };
		03CDEBE42C0487E7003A075D /* swiftUiExp.app */ = {isa = PBXFileReference; explicitFileType = wrapper.application; includeInIndex = 0; path = swiftUiExp.app; sourceTree = BUILT_PRODUCTS_DIR; };
		03CDEBE72C0487E7003A075D /* swiftUiExpApp.swift */ = {isa = PBXFileReference; lastKnownFileType = sourcecode.swift; path = swiftUiExpApp.swift; sourceTree = "<group>"; };
		03CDEBE92C0487E7003A075D /* FilterFullScreen.swift */ = {isa = PBXFileReference; lastKnownFileType = sourcecode.swift; path = FilterFullScreen.swift; sourceTree = "<group>"; };
		03CDEBEB2C0487E9003A075D /* Assets.xcassets */ = {isa = PBXFileReference; lastKnownFileType = folder.assetcatalog; path = Assets.xcassets; sourceTree = "<group>"; };
		03CDEBEE2C0487E9003A075D /* Preview Assets.xcassets */ = {isa = PBXFileReference; lastKnownFileType = folder.assetcatalog; path = "Preview Assets.xcassets"; sourceTree = "<group>"; };
		7A03499A2C1B1AB200FE19E0 /* PreferredBusPartner.swift */ = {isa = PBXFileReference; lastKnownFileType = sourcecode.swift; path = PreferredBusPartner.swift; sourceTree = "<group>"; };
		7A78BC1D2C21A0F200679A8E /* SeatLayoutNotAvailable.swift */ = {isa = PBXFileReference; fileEncoding = 4; lastKnownFileType = sourcecode.swift; path = SeatLayoutNotAvailable.swift; sourceTree = "<group>"; };
		7A78BC1F2C21A14900679A8E /* SeatNotAvailable.swift */ = {isa = PBXFileReference; fileEncoding = 4; lastKnownFileType = sourcecode.swift; path = SeatNotAvailable.swift; sourceTree = "<group>"; };
		7A78BC212C21A19300679A8E /* Session Expired.swift */ = {isa = PBXFileReference; fileEncoding = 4; lastKnownFileType = sourcecode.swift; path = "Session Expired.swift"; sourceTree = "<group>"; };
		7A78BC232C21A1DD00679A8E /* GoingBackBeforePayment.swift */ = {isa = PBXFileReference; fileEncoding = 4; lastKnownFileType = sourcecode.swift; path = GoingBackBeforePayment.swift; sourceTree = "<group>"; };
		FA2523242C12D8EE008216CB /* FilterItemModel.swift */ = {isa = PBXFileReference; lastKnownFileType = sourcecode.swift; path = FilterItemModel.swift; sourceTree = "<group>"; };
		FA2523262C12D913008216CB /* HorizontalFilterViewModel.swift */ = {isa = PBXFileReference; lastKnownFileType = sourcecode.swift; path = HorizontalFilterViewModel.swift; sourceTree = "<group>"; };
		FA2523282C12D935008216CB /* HorizintalFilterView.swift */ = {isa = PBXFileReference; lastKnownFileType = sourcecode.swift; path = HorizintalFilterView.swift; sourceTree = "<group>"; };
		FA7542B52C205D53004B6B95 /* Coordinator.swift */ = {isa = PBXFileReference; lastKnownFileType = sourcecode.swift; path = Coordinator.swift; sourceTree = "<group>"; };
		FA7542B72C206304004B6B95 /* CoordinatorView.swift */ = {isa = PBXFileReference; lastKnownFileType = sourcecode.swift; path = CoordinatorView.swift; sourceTree = "<group>"; };
		FA75AE462C22D4F500587B37 /* TicketDetailsView.swift */ = {isa = PBXFileReference; lastKnownFileType = sourcecode.swift; path = TicketDetailsView.swift; sourceTree = "<group>"; };
		FAC8B3272C22F9E4001C1B7B /* ApiManager.swift */ = {isa = PBXFileReference; lastKnownFileType = sourcecode.swift; path = ApiManager.swift; sourceTree = "<group>"; };
		FAC8B3292C22FA2C001C1B7B /* PreferredBusPartnerViewModel.swift */ = {isa = PBXFileReference; lastKnownFileType = sourcecode.swift; path = PreferredBusPartnerViewModel.swift; sourceTree = "<group>"; };
/* End PBXFileReference section */

/* Begin PBXFrameworksBuildPhase section */
		03CDEBE12C0487E7003A075D /* Frameworks */ = {
			isa = PBXFrameworksBuildPhase;
			buildActionMask = 2147483647;
			files = (
			);
			runOnlyForDeploymentPostprocessing = 0;
		};
/* End PBXFrameworksBuildPhase section */

/* Begin PBXGroup section */
		0308429F2C12D9FD0013EFD7 /* SortByView */ = {
			isa = PBXGroup;
			children = (
				0308429E2C12D9FD0013EFD7 /* SortByView.swift */,
			);
			path = SortByView;
			sourceTree = "<group>";
		};
		03379AEA2C1182D400F10305 /* FilterScreen */ = {
			isa = PBXGroup;
			children = (
				03CDEBE92C0487E7003A075D /* FilterFullScreen.swift */,
				03CCA33B2C088C8F0021875D /* ComboSlider.swift */,
			);
			path = FilterScreen;
			sourceTree = "<group>";
		};
		03379AF02C1182FC00F10305 /* BusList */ = {
			isa = PBXGroup;
			children = (
				FA2523232C12D724008216CB /* HorizontalFilterView */,
				03379AEB2C1182FC00F10305 /* BusListView.swift */,
				03379AEC2C1182FC00F10305 /* BusViewModel.swift */,
				03379AED2C1182FC00F10305 /* SearchResultBusList.swift */,
				03379AEE2C1182FC00F10305 /* Empty Screen.swift */,
				03379AEF2C1182FC00F10305 /* Model.swift */,
			);
			path = BusList;
			sourceTree = "<group>";
		};
		03CB60882C16C6F90057BCA1 /* BoardingAndDroppingPoint */ = {
			isa = PBXGroup;
			children = (
				03CB60892C16C8BF0057BCA1 /* BoardingAndDroppingListView.swift */,
				03CB608B2C18293B0057BCA1 /* BoardingAndDroppingViewModel.swift */,
				03CB608D2C1829830057BCA1 /* DroppingAndBoardingModel.swift */,
			);
			path = BoardingAndDroppingPoint;
			sourceTree = "<group>";
		};
		03CDEBDB2C0487E7003A075D = {
			isa = PBXGroup;
			children = (
				03CDEBE62C0487E7003A075D /* swiftUiExp */,
				03CDEBE52C0487E7003A075D /* Products */,
			);
			sourceTree = "<group>";
		};
		03CDEBE52C0487E7003A075D /* Products */ = {
			isa = PBXGroup;
			children = (
				03CDEBE42C0487E7003A075D /* swiftUiExp.app */,
			);
			name = Products;
			sourceTree = "<group>";
		};
		03CDEBE62C0487E7003A075D /* swiftUiExp */ = {
			isa = PBXGroup;
			children = (
				FA75AE452C22D4C900587B37 /* TicketDetails */,
				7A0349922C1B1A4E00FE19E0 /* PreferredBusDroppingPickup */,
				03CB60882C16C6F90057BCA1 /* BoardingAndDroppingPoint */,
				0308429F2C12D9FD0013EFD7 /* SortByView */,
				03CDEBE72C0487E7003A075D /* swiftUiExpApp.swift */,
				FA1FDE262C11B1C300B90FCA /* Navigation */,
				03379AEA2C1182D400F10305 /* FilterScreen */,
				03379AF02C1182FC00F10305 /* BusList */,
				03CDEBEB2C0487E9003A075D /* Assets.xcassets */,
				03CDEBED2C0487E9003A075D /* Preview Content */,
			);
			path = swiftUiExp;
			sourceTree = "<group>";
		};
		03CDEBED2C0487E9003A075D /* Preview Content */ = {
			isa = PBXGroup;
			children = (
				03CDEBEE2C0487E9003A075D /* Preview Assets.xcassets */,
			);
			path = "Preview Content";
			sourceTree = "<group>";
		};
		7A0349922C1B1A4E00FE19E0 /* PreferredBusDroppingPickup */ = {
			isa = PBXGroup;
			children = (
				7A03499A2C1B1AB200FE19E0 /* PreferredBusPartner.swift */,
				7A78BC1D2C21A0F200679A8E /* SeatLayoutNotAvailable.swift */,
				7A78BC1F2C21A14900679A8E /* SeatNotAvailable.swift */,
				7A78BC212C21A19300679A8E /* Session Expired.swift */,
				7A78BC232C21A1DD00679A8E /* GoingBackBeforePayment.swift */,
				FAC8B3272C22F9E4001C1B7B /* ApiManager.swift */,
				FAC8B3292C22FA2C001C1B7B /* PreferredBusPartnerViewModel.swift */,
			);
			path = PreferredBusDroppingPickup;
			sourceTree = "<group>";
		};
		FA1FDE262C11B1C300B90FCA /* Navigation */ = {
			isa = PBXGroup;
			children = (
				FA7542B52C205D53004B6B95 /* Coordinator.swift */,
				FA7542B72C206304004B6B95 /* CoordinatorView.swift */,
			);
			path = Navigation;
			sourceTree = "<group>";
		};
		FA2523232C12D724008216CB /* HorizontalFilterView */ = {
			isa = PBXGroup;
			children = (
				FA2523242C12D8EE008216CB /* FilterItemModel.swift */,
				FA2523262C12D913008216CB /* HorizontalFilterViewModel.swift */,
				FA2523282C12D935008216CB /* HorizintalFilterView.swift */,
			);
			path = HorizontalFilterView;
			sourceTree = "<group>";
		};
		FA75AE452C22D4C900587B37 /* TicketDetails */ = {
			isa = PBXGroup;
			children = (
				FA75AE462C22D4F500587B37 /* TicketDetailsView.swift */,
			);
			path = TicketDetails;
			sourceTree = "<group>";
		};
/* End PBXGroup section */

/* Begin PBXNativeTarget section */
		03CDEBE32C0487E7003A075D /* swiftUiExp */ = {
			isa = PBXNativeTarget;
			buildConfigurationList = 03CDEBF22C0487E9003A075D /* Build configuration list for PBXNativeTarget "swiftUiExp" */;
			buildPhases = (
				03CDEBE02C0487E7003A075D /* Sources */,
				03CDEBE12C0487E7003A075D /* Frameworks */,
				03CDEBE22C0487E7003A075D /* Resources */,
			);
			buildRules = (
			);
			dependencies = (
			);
			name = swiftUiExp;
			productName = swiftUiExp;
			productReference = 03CDEBE42C0487E7003A075D /* swiftUiExp.app */;
			productType = "com.apple.product-type.application";
		};
/* End PBXNativeTarget section */

/* Begin PBXProject section */
		03CDEBDC2C0487E7003A075D /* Project object */ = {
			isa = PBXProject;
			attributes = {
				BuildIndependentTargetsInParallel = 1;
				LastSwiftUpdateCheck = 1520;
				LastUpgradeCheck = 1520;
				TargetAttributes = {
					03CDEBE32C0487E7003A075D = {
						CreatedOnToolsVersion = 15.2;
					};
				};
			};
			buildConfigurationList = 03CDEBDF2C0487E7003A075D /* Build configuration list for PBXProject "swiftUiExp" */;
			compatibilityVersion = "Xcode 14.0";
			developmentRegion = en;
			hasScannedForEncodings = 0;
			knownRegions = (
				en,
				Base,
			);
			mainGroup = 03CDEBDB2C0487E7003A075D;
			productRefGroup = 03CDEBE52C0487E7003A075D /* Products */;
			projectDirPath = "";
			projectRoot = "";
			targets = (
				03CDEBE32C0487E7003A075D /* swiftUiExp */,
			);
		};
/* End PBXProject section */

/* Begin PBXResourcesBuildPhase section */
		03CDEBE22C0487E7003A075D /* Resources */ = {
			isa = PBXResourcesBuildPhase;
			buildActionMask = 2147483647;
			files = (
				03CDEBEF2C0487E9003A075D /* Preview Assets.xcassets in Resources */,
				03CDEBEC2C0487E9003A075D /* Assets.xcassets in Resources */,
			);
			runOnlyForDeploymentPostprocessing = 0;
		};
/* End PBXResourcesBuildPhase section */

/* Begin PBXSourcesBuildPhase section */
		03CDEBE02C0487E7003A075D /* Sources */ = {
			isa = PBXSourcesBuildPhase;
			buildActionMask = 2147483647;
			files = (
				FA7542B62C205D54004B6B95 /* Coordinator.swift in Sources */,
				03CDEBEA2C0487E7003A075D /* FilterFullScreen.swift in Sources */,
				FA2523292C12D935008216CB /* HorizintalFilterView.swift in Sources */,
				7A78BC1E2C21A0F200679A8E /* SeatLayoutNotAvailable.swift in Sources */,
				7A78BC202C21A14900679A8E /* SeatNotAvailable.swift in Sources */,
				03379AF12C1182FC00F10305 /* BusListView.swift in Sources */,
				FA7542B82C206304004B6B95 /* CoordinatorView.swift in Sources */,
				FA75AE472C22D4F500587B37 /* TicketDetailsView.swift in Sources */,
				03CB608E2C1829830057BCA1 /* DroppingAndBoardingModel.swift in Sources */,
				03379AF32C1182FC00F10305 /* SearchResultBusList.swift in Sources */,
				03CDEBE82C0487E7003A075D /* swiftUiExpApp.swift in Sources */,
				03CB608C2C18293B0057BCA1 /* BoardingAndDroppingViewModel.swift in Sources */,
				03CB608F2C1ABF5C0057BCA1 /* BoardingAndDroppingListView.swift in Sources */,
				03379AF42C1182FC00F10305 /* Empty Screen.swift in Sources */,
				FA2523272C12D913008216CB /* HorizontalFilterViewModel.swift in Sources */,
				7A03499B2C1B1AB200FE19E0 /* PreferredBusPartner.swift in Sources */,
				7A78BC242C21A1DD00679A8E /* GoingBackBeforePayment.swift in Sources */,
				03CCA33C2C088C8F0021875D /* ComboSlider.swift in Sources */,
				FAC8B3282C22F9E4001C1B7B /* ApiManager.swift in Sources */,
				03379AF22C1182FC00F10305 /* BusViewModel.swift in Sources */,
				FA2523252C12D8EE008216CB /* FilterItemModel.swift in Sources */,
				030842A02C12D9FD0013EFD7 /* SortByView.swift in Sources */,
				7A78BC222C21A19300679A8E /* Session Expired.swift in Sources */,
				03379AF52C1182FC00F10305 /* Model.swift in Sources */,
				FAC8B32A2C22FA2C001C1B7B /* PreferredBusPartnerViewModel.swift in Sources */,
			);
			runOnlyForDeploymentPostprocessing = 0;
		};
/* End PBXSourcesBuildPhase section */

/* Begin XCBuildConfiguration section */
		03CDEBF02C0487E9003A075D /* Debug */ = {
			isa = XCBuildConfiguration;
			buildSettings = {
				ALWAYS_SEARCH_USER_PATHS = NO;
				ASSETCATALOG_COMPILER_GENERATE_SWIFT_ASSET_SYMBOL_EXTENSIONS = YES;
				CLANG_ANALYZER_NONNULL = YES;
				CLANG_ANALYZER_NUMBER_OBJECT_CONVERSION = YES_AGGRESSIVE;
				CLANG_CXX_LANGUAGE_STANDARD = "gnu++20";
				CLANG_ENABLE_MODULES = YES;
				CLANG_ENABLE_OBJC_ARC = YES;
				CLANG_ENABLE_OBJC_WEAK = YES;
				CLANG_WARN_BLOCK_CAPTURE_AUTORELEASING = YES;
				CLANG_WARN_BOOL_CONVERSION = YES;
				CLANG_WARN_COMMA = YES;
				CLANG_WARN_CONSTANT_CONVERSION = YES;
				CLANG_WARN_DEPRECATED_OBJC_IMPLEMENTATIONS = YES;
				CLANG_WARN_DIRECT_OBJC_ISA_USAGE = YES_ERROR;
				CLANG_WARN_DOCUMENTATION_COMMENTS = YES;
				CLANG_WARN_EMPTY_BODY = YES;
				CLANG_WARN_ENUM_CONVERSION = YES;
				CLANG_WARN_INFINITE_RECURSION = YES;
				CLANG_WARN_INT_CONVERSION = YES;
				CLANG_WARN_NON_LITERAL_NULL_CONVERSION = YES;
				CLANG_WARN_OBJC_IMPLICIT_RETAIN_SELF = YES;
				CLANG_WARN_OBJC_LITERAL_CONVERSION = YES;
				CLANG_WARN_OBJC_ROOT_CLASS = YES_ERROR;
				CLANG_WARN_QUOTED_INCLUDE_IN_FRAMEWORK_HEADER = YES;
				CLANG_WARN_RANGE_LOOP_ANALYSIS = YES;
				CLANG_WARN_STRICT_PROTOTYPES = YES;
				CLANG_WARN_SUSPICIOUS_MOVE = YES;
				CLANG_WARN_UNGUARDED_AVAILABILITY = YES_AGGRESSIVE;
				CLANG_WARN_UNREACHABLE_CODE = YES;
				CLANG_WARN__DUPLICATE_METHOD_MATCH = YES;
				COPY_PHASE_STRIP = NO;
				DEBUG_INFORMATION_FORMAT = dwarf;
				ENABLE_STRICT_OBJC_MSGSEND = YES;
				ENABLE_TESTABILITY = YES;
				ENABLE_USER_SCRIPT_SANDBOXING = YES;
				GCC_C_LANGUAGE_STANDARD = gnu17;
				GCC_DYNAMIC_NO_PIC = NO;
				GCC_NO_COMMON_BLOCKS = YES;
				GCC_OPTIMIZATION_LEVEL = 0;
				GCC_PREPROCESSOR_DEFINITIONS = (
					"DEBUG=1",
					"$(inherited)",
				);
				GCC_WARN_64_TO_32_BIT_CONVERSION = YES;
				GCC_WARN_ABOUT_RETURN_TYPE = YES_ERROR;
				GCC_WARN_UNDECLARED_SELECTOR = YES;
				GCC_WARN_UNINITIALIZED_AUTOS = YES_AGGRESSIVE;
				GCC_WARN_UNUSED_FUNCTION = YES;
				GCC_WARN_UNUSED_VARIABLE = YES;
				IPHONEOS_DEPLOYMENT_TARGET = 17.0;
				LOCALIZATION_PREFERS_STRING_CATALOGS = YES;
				MTL_ENABLE_DEBUG_INFO = INCLUDE_SOURCE;
				MTL_FAST_MATH = YES;
				ONLY_ACTIVE_ARCH = YES;
				SDKROOT = iphoneos;
				SWIFT_ACTIVE_COMPILATION_CONDITIONS = "DEBUG $(inherited)";
				SWIFT_OPTIMIZATION_LEVEL = "-Onone";
			};
			name = Debug;
		};
		03CDEBF12C0487E9003A075D /* Release */ = {
			isa = XCBuildConfiguration;
			buildSettings = {
				ALWAYS_SEARCH_USER_PATHS = NO;
				ASSETCATALOG_COMPILER_GENERATE_SWIFT_ASSET_SYMBOL_EXTENSIONS = YES;
				CLANG_ANALYZER_NONNULL = YES;
				CLANG_ANALYZER_NUMBER_OBJECT_CONVERSION = YES_AGGRESSIVE;
				CLANG_CXX_LANGUAGE_STANDARD = "gnu++20";
				CLANG_ENABLE_MODULES = YES;
				CLANG_ENABLE_OBJC_ARC = YES;
				CLANG_ENABLE_OBJC_WEAK = YES;
				CLANG_WARN_BLOCK_CAPTURE_AUTORELEASING = YES;
				CLANG_WARN_BOOL_CONVERSION = YES;
				CLANG_WARN_COMMA = YES;
				CLANG_WARN_CONSTANT_CONVERSION = YES;
				CLANG_WARN_DEPRECATED_OBJC_IMPLEMENTATIONS = YES;
				CLANG_WARN_DIRECT_OBJC_ISA_USAGE = YES_ERROR;
				CLANG_WARN_DOCUMENTATION_COMMENTS = YES;
				CLANG_WARN_EMPTY_BODY = YES;
				CLANG_WARN_ENUM_CONVERSION = YES;
				CLANG_WARN_INFINITE_RECURSION = YES;
				CLANG_WARN_INT_CONVERSION = YES;
				CLANG_WARN_NON_LITERAL_NULL_CONVERSION = YES;
				CLANG_WARN_OBJC_IMPLICIT_RETAIN_SELF = YES;
				CLANG_WARN_OBJC_LITERAL_CONVERSION = YES;
				CLANG_WARN_OBJC_ROOT_CLASS = YES_ERROR;
				CLANG_WARN_QUOTED_INCLUDE_IN_FRAMEWORK_HEADER = YES;
				CLANG_WARN_RANGE_LOOP_ANALYSIS = YES;
				CLANG_WARN_STRICT_PROTOTYPES = YES;
				CLANG_WARN_SUSPICIOUS_MOVE = YES;
				CLANG_WARN_UNGUARDED_AVAILABILITY = YES_AGGRESSIVE;
				CLANG_WARN_UNREACHABLE_CODE = YES;
				CLANG_WARN__DUPLICATE_METHOD_MATCH = YES;
				COPY_PHASE_STRIP = NO;
				DEBUG_INFORMATION_FORMAT = "dwarf-with-dsym";
				ENABLE_NS_ASSERTIONS = NO;
				ENABLE_STRICT_OBJC_MSGSEND = YES;
				ENABLE_USER_SCRIPT_SANDBOXING = YES;
				GCC_C_LANGUAGE_STANDARD = gnu17;
				GCC_NO_COMMON_BLOCKS = YES;
				GCC_WARN_64_TO_32_BIT_CONVERSION = YES;
				GCC_WARN_ABOUT_RETURN_TYPE = YES_ERROR;
				GCC_WARN_UNDECLARED_SELECTOR = YES;
				GCC_WARN_UNINITIALIZED_AUTOS = YES_AGGRESSIVE;
				GCC_WARN_UNUSED_FUNCTION = YES;
				GCC_WARN_UNUSED_VARIABLE = YES;
				IPHONEOS_DEPLOYMENT_TARGET = 17.0;
				LOCALIZATION_PREFERS_STRING_CATALOGS = YES;
				MTL_ENABLE_DEBUG_INFO = NO;
				MTL_FAST_MATH = YES;
				SDKROOT = iphoneos;
				SWIFT_COMPILATION_MODE = wholemodule;
				VALIDATE_PRODUCT = YES;
			};
			name = Release;
		};
		03CDEBF32C0487E9003A075D /* Debug */ = {
			isa = XCBuildConfiguration;
			buildSettings = {
				ASSETCATALOG_COMPILER_APPICON_NAME = AppIcon;
				ASSETCATALOG_COMPILER_GLOBAL_ACCENT_COLOR_NAME = AccentColor;
				CODE_SIGN_STYLE = Automatic;
				CURRENT_PROJECT_VERSION = 1;
				DEVELOPMENT_ASSET_PATHS = "\"swiftUiExp/Preview Content\"";
				DEVELOPMENT_TEAM = 4LHNY2FHRA;
				ENABLE_PREVIEWS = YES;
				GENERATE_INFOPLIST_FILE = YES;
				INFOPLIST_KEY_UIApplicationSceneManifest_Generation = YES;
				INFOPLIST_KEY_UIApplicationSupportsIndirectInputEvents = YES;
				INFOPLIST_KEY_UILaunchScreen_Generation = YES;
				INFOPLIST_KEY_UISupportedInterfaceOrientations_iPad = "UIInterfaceOrientationPortrait UIInterfaceOrientationPortraitUpsideDown UIInterfaceOrientationLandscapeLeft UIInterfaceOrientationLandscapeRight";
				INFOPLIST_KEY_UISupportedInterfaceOrientations_iPhone = "UIInterfaceOrientationPortrait UIInterfaceOrientationLandscapeLeft UIInterfaceOrientationLandscapeRight";
				LD_RUNPATH_SEARCH_PATHS = (
					"$(inherited)",
					"@executable_path/Frameworks",
				);
				MARKETING_VERSION = 1.0;
				PRODUCT_BUNDLE_IDENTIFIER = shubham.swiftUiExp;
				PRODUCT_NAME = "$(TARGET_NAME)";
				SWIFT_EMIT_LOC_STRINGS = YES;
				SWIFT_VERSION = 5.0;
				TARGETED_DEVICE_FAMILY = "1,2";
			};
			name = Debug;
		};
		03CDEBF42C0487E9003A075D /* Release */ = {
			isa = XCBuildConfiguration;
			buildSettings = {
				ASSETCATALOG_COMPILER_APPICON_NAME = AppIcon;
				ASSETCATALOG_COMPILER_GLOBAL_ACCENT_COLOR_NAME = AccentColor;
				CODE_SIGN_STYLE = Automatic;
				CURRENT_PROJECT_VERSION = 1;
				DEVELOPMENT_ASSET_PATHS = "\"swiftUiExp/Preview Content\"";
				DEVELOPMENT_TEAM = 4LHNY2FHRA;
				ENABLE_PREVIEWS = YES;
				GENERATE_INFOPLIST_FILE = YES;
				INFOPLIST_KEY_UIApplicationSceneManifest_Generation = YES;
				INFOPLIST_KEY_UIApplicationSupportsIndirectInputEvents = YES;
				INFOPLIST_KEY_UILaunchScreen_Generation = YES;
				INFOPLIST_KEY_UISupportedInterfaceOrientations_iPad = "UIInterfaceOrientationPortrait UIInterfaceOrientationPortraitUpsideDown UIInterfaceOrientationLandscapeLeft UIInterfaceOrientationLandscapeRight";
				INFOPLIST_KEY_UISupportedInterfaceOrientations_iPhone = "UIInterfaceOrientationPortrait UIInterfaceOrientationLandscapeLeft UIInterfaceOrientationLandscapeRight";
				LD_RUNPATH_SEARCH_PATHS = (
					"$(inherited)",
					"@executable_path/Frameworks",
				);
				MARKETING_VERSION = 1.0;
				PRODUCT_BUNDLE_IDENTIFIER = shubham.swiftUiExp;
				PRODUCT_NAME = "$(TARGET_NAME)";
				SWIFT_EMIT_LOC_STRINGS = YES;
				SWIFT_VERSION = 5.0;
				TARGETED_DEVICE_FAMILY = "1,2";
			};
			name = Release;
		};
/* End XCBuildConfiguration section */

/* Begin XCConfigurationList section */
		03CDEBDF2C0487E7003A075D /* Build configuration list for PBXProject "swiftUiExp" */ = {
			isa = XCConfigurationList;
			buildConfigurations = (
				03CDEBF02C0487E9003A075D /* Debug */,
				03CDEBF12C0487E9003A075D /* Release */,
			);
			defaultConfigurationIsVisible = 0;
			defaultConfigurationName = Release;
		};
		03CDEBF22C0487E9003A075D /* Build configuration list for PBXNativeTarget "swiftUiExp" */ = {
			isa = XCConfigurationList;
			buildConfigurations = (
				03CDEBF32C0487E9003A075D /* Debug */,
				03CDEBF42C0487E9003A075D /* Release */,
			);
			defaultConfigurationIsVisible = 0;
			defaultConfigurationName = Release;
		};
/* End XCConfigurationList section */
	};
	rootObject = 03CDEBDC2C0487E7003A075D /* Project object */;
}
